// !$*UTF8*$!
{
	archiveVersion = 1;
	classes = {
	};
	objectVersion = 48;
	objects = {

/* Begin PBXBuildFile section */
		52E5C1EA83E05ABF691F4BDB /* Pods_RxSwift_MVVM.framework in Frameworks */ = {isa = PBXBuildFile; fileRef = 42FC05403DBC28A962C71828 /* Pods_RxSwift_MVVM.framework */; };
		EA02D2C51F7921DD00558767 /* DataSourceViewController.swift in Sources */ = {isa = PBXBuildFile; fileRef = EA02D2C41F7921DD00558767 /* DataSourceViewController.swift */; };
		EA02D2C71F7924F100558767 /* DataSourceViewModel.swift in Sources */ = {isa = PBXBuildFile; fileRef = EA02D2C61F7924F100558767 /* DataSourceViewModel.swift */; };
		EA0858791F7A655700D8D6C3 /* Student.swift in Sources */ = {isa = PBXBuildFile; fileRef = EA0858781F7A655700D8D6C3 /* Student.swift */; };
		EA3C7B7C1F7D0ABB00259CE7 /* FCRouter.swift in Sources */ = {isa = PBXBuildFile; fileRef = EA3C7B721F7D0A9A00259CE7 /* FCRouter.swift */; };
		EA3C7B7D1F7D0ABB00259CE7 /* FCRouterBaseURLString.swift in Sources */ = {isa = PBXBuildFile; fileRef = EA3C7B731F7D0A9A00259CE7 /* FCRouterBaseURLString.swift */; };
		EA3C7B7E1F7D0ABB00259CE7 /* FCRouterHeader.swift in Sources */ = {isa = PBXBuildFile; fileRef = EA3C7B741F7D0A9A00259CE7 /* FCRouterHeader.swift */; };
		EA3C7B7F1F7D0ABB00259CE7 /* FCRouterHelper.swift in Sources */ = {isa = PBXBuildFile; fileRef = EA3C7B751F7D0A9A00259CE7 /* FCRouterHelper.swift */; };
		EA3C7B801F7D0ABB00259CE7 /* FCRouterMethod.swift in Sources */ = {isa = PBXBuildFile; fileRef = EA3C7B761F7D0A9A00259CE7 /* FCRouterMethod.swift */; };
		EA3C7B811F7D0ABB00259CE7 /* FCRouterParameters.swift in Sources */ = {isa = PBXBuildFile; fileRef = EA3C7B771F7D0A9A00259CE7 /* FCRouterParameters.swift */; };
		EA3C7B821F7D0ABB00259CE7 /* FCRouterPath.swift in Sources */ = {isa = PBXBuildFile; fileRef = EA3C7B781F7D0A9A00259CE7 /* FCRouterPath.swift */; };
		EA3C7B831F7D0ABB00259CE7 /* FCRouterRawBody.swift in Sources */ = {isa = PBXBuildFile; fileRef = EA3C7B791F7D0A9A00259CE7 /* FCRouterRawBody.swift */; };
		EA3C7B841F7D0ABB00259CE7 /* FCRouterResponseClass.swift in Sources */ = {isa = PBXBuildFile; fileRef = EA3C7B7A1F7D0A9A00259CE7 /* FCRouterResponseClass.swift */; };
		EA3C7B851F7D0ABB00259CE7 /* FCRouterURLRequest.swift in Sources */ = {isa = PBXBuildFile; fileRef = EA3C7B7B1F7D0A9A00259CE7 /* FCRouterURLRequest.swift */; };
		EA3C7B8A1F7D0B0600259CE7 /* APIRequest.swift in Sources */ = {isa = PBXBuildFile; fileRef = EA3C7B871F7D0AF300259CE7 /* APIRequest.swift */; };
		EA3C7B8B1F7D0B0600259CE7 /* APIRequestDebugger.swift in Sources */ = {isa = PBXBuildFile; fileRef = EA3C7B881F7D0AF300259CE7 /* APIRequestDebugger.swift */; };
		EA3C7B8C1F7D0B0600259CE7 /* APIRequestHelper.swift in Sources */ = {isa = PBXBuildFile; fileRef = EA3C7B891F7D0AF300259CE7 /* APIRequestHelper.swift */; };
		EA3C7B8E1F7D0CCE00259CE7 /* BaseResponse.swift in Sources */ = {isa = PBXBuildFile; fileRef = EA3C7B8D1F7D0CCE00259CE7 /* BaseResponse.swift */; };
		EA3C7B901F7D0DFB00259CE7 /* Subject.swift in Sources */ = {isa = PBXBuildFile; fileRef = EA3C7B8F1F7D0DFB00259CE7 /* Subject.swift */; };
		EA5D496A1F75005100ABEA59 /* AppDelegate.swift in Sources */ = {isa = PBXBuildFile; fileRef = EA5D49681F75004500ABEA59 /* AppDelegate.swift */; };
		EA5D496B1F75005100ABEA59 /* Info.plist in Resources */ = {isa = PBXBuildFile; fileRef = EA5D49691F75004500ABEA59 /* Info.plist */; };
		EA5D496C1F75005500ABEA59 /* LaunchScreen.storyboard in Resources */ = {isa = PBXBuildFile; fileRef = EA5D49631F75004500ABEA59 /* LaunchScreen.storyboard */; };
		EA5D496D1F75005500ABEA59 /* Main.storyboard in Resources */ = {isa = PBXBuildFile; fileRef = EA5D49651F75004500ABEA59 /* Main.storyboard */; };
		EA5D496E1F75005800ABEA59 /* Assets.xcassets in Resources */ = {isa = PBXBuildFile; fileRef = EA5D49621F75004500ABEA59 /* Assets.xcassets */; };
		EAA5C9B31F75017300575773 /* LoginViewModel.swift in Sources */ = {isa = PBXBuildFile; fileRef = EAA5C9B21F75017300575773 /* LoginViewModel.swift */; };
		EAA5C9B51F75017C00575773 /* LoginViewController.swift in Sources */ = {isa = PBXBuildFile; fileRef = EAA5C9B41F75017C00575773 /* LoginViewController.swift */; };
/* End PBXBuildFile section */

/* Begin PBXFileReference section */
		42FC05403DBC28A962C71828 /* Pods_RxSwift_MVVM.framework */ = {isa = PBXFileReference; explicitFileType = wrapper.framework; includeInIndex = 0; path = Pods_RxSwift_MVVM.framework; sourceTree = BUILT_PRODUCTS_DIR; };
		497907D4360CE27FDB84383A /* Pods-RxSwift-MVVM.debug.xcconfig */ = {isa = PBXFileReference; includeInIndex = 1; lastKnownFileType = text.xcconfig; name = "Pods-RxSwift-MVVM.debug.xcconfig"; path = "Pods/Target Support Files/Pods-RxSwift-MVVM/Pods-RxSwift-MVVM.debug.xcconfig"; sourceTree = "<group>"; };
		8592D4ED7AF7DDB2DA05BDE8 /* Pods-RxSwift-MVVM.release.xcconfig */ = {isa = PBXFileReference; includeInIndex = 1; lastKnownFileType = text.xcconfig; name = "Pods-RxSwift-MVVM.release.xcconfig"; path = "Pods/Target Support Files/Pods-RxSwift-MVVM/Pods-RxSwift-MVVM.release.xcconfig"; sourceTree = "<group>"; };
		EA02D2C41F7921DD00558767 /* DataSourceViewController.swift */ = {isa = PBXFileReference; lastKnownFileType = sourcecode.swift; path = DataSourceViewController.swift; sourceTree = "<group>"; };
		EA02D2C61F7924F100558767 /* DataSourceViewModel.swift */ = {isa = PBXFileReference; lastKnownFileType = sourcecode.swift; path = DataSourceViewModel.swift; sourceTree = "<group>"; };
		EA0858781F7A655700D8D6C3 /* Student.swift */ = {isa = PBXFileReference; lastKnownFileType = sourcecode.swift; path = Student.swift; sourceTree = "<group>"; };
		EA2B80FA1F750012004BCD3E /* RxSwift-MVVM.app */ = {isa = PBXFileReference; explicitFileType = wrapper.application; includeInIndex = 0; path = "RxSwift-MVVM.app"; sourceTree = BUILT_PRODUCTS_DIR; };
		EA3C7B721F7D0A9A00259CE7 /* FCRouter.swift */ = {isa = PBXFileReference; lastKnownFileType = sourcecode.swift; path = FCRouter.swift; sourceTree = "<group>"; };
		EA3C7B731F7D0A9A00259CE7 /* FCRouterBaseURLString.swift */ = {isa = PBXFileReference; lastKnownFileType = sourcecode.swift; path = FCRouterBaseURLString.swift; sourceTree = "<group>"; };
		EA3C7B741F7D0A9A00259CE7 /* FCRouterHeader.swift */ = {isa = PBXFileReference; lastKnownFileType = sourcecode.swift; path = FCRouterHeader.swift; sourceTree = "<group>"; };
		EA3C7B751F7D0A9A00259CE7 /* FCRouterHelper.swift */ = {isa = PBXFileReference; lastKnownFileType = sourcecode.swift; path = FCRouterHelper.swift; sourceTree = "<group>"; };
		EA3C7B761F7D0A9A00259CE7 /* FCRouterMethod.swift */ = {isa = PBXFileReference; lastKnownFileType = sourcecode.swift; path = FCRouterMethod.swift; sourceTree = "<group>"; };
		EA3C7B771F7D0A9A00259CE7 /* FCRouterParameters.swift */ = {isa = PBXFileReference; lastKnownFileType = sourcecode.swift; path = FCRouterParameters.swift; sourceTree = "<group>"; };
		EA3C7B781F7D0A9A00259CE7 /* FCRouterPath.swift */ = {isa = PBXFileReference; lastKnownFileType = sourcecode.swift; path = FCRouterPath.swift; sourceTree = "<group>"; };
		EA3C7B791F7D0A9A00259CE7 /* FCRouterRawBody.swift */ = {isa = PBXFileReference; lastKnownFileType = sourcecode.swift; path = FCRouterRawBody.swift; sourceTree = "<group>"; };
		EA3C7B7A1F7D0A9A00259CE7 /* FCRouterResponseClass.swift */ = {isa = PBXFileReference; lastKnownFileType = sourcecode.swift; path = FCRouterResponseClass.swift; sourceTree = "<group>"; };
		EA3C7B7B1F7D0A9A00259CE7 /* FCRouterURLRequest.swift */ = {isa = PBXFileReference; lastKnownFileType = sourcecode.swift; path = FCRouterURLRequest.swift; sourceTree = "<group>"; };
		EA3C7B871F7D0AF300259CE7 /* APIRequest.swift */ = {isa = PBXFileReference; lastKnownFileType = sourcecode.swift; path = APIRequest.swift; sourceTree = "<group>"; };
		EA3C7B881F7D0AF300259CE7 /* APIRequestDebugger.swift */ = {isa = PBXFileReference; lastKnownFileType = sourcecode.swift; path = APIRequestDebugger.swift; sourceTree = "<group>"; };
		EA3C7B891F7D0AF300259CE7 /* APIRequestHelper.swift */ = {isa = PBXFileReference; lastKnownFileType = sourcecode.swift; path = APIRequestHelper.swift; sourceTree = "<group>"; };
		EA3C7B8D1F7D0CCE00259CE7 /* BaseResponse.swift */ = {isa = PBXFileReference; lastKnownFileType = sourcecode.swift; path = BaseResponse.swift; sourceTree = "<group>"; };
		EA3C7B8F1F7D0DFB00259CE7 /* Subject.swift */ = {isa = PBXFileReference; lastKnownFileType = sourcecode.swift; path = Subject.swift; sourceTree = "<group>"; };
		EA5D49621F75004500ABEA59 /* Assets.xcassets */ = {isa = PBXFileReference; lastKnownFileType = folder.assetcatalog; path = Assets.xcassets; sourceTree = "<group>"; };
		EA5D49641F75004500ABEA59 /* Base */ = {isa = PBXFileReference; lastKnownFileType = file.storyboard; name = Base; path = Base.lproj/LaunchScreen.storyboard; sourceTree = "<group>"; };
		EA5D49661F75004500ABEA59 /* Base */ = {isa = PBXFileReference; lastKnownFileType = file.storyboard; name = Base; path = Base.lproj/Main.storyboard; sourceTree = "<group>"; };
		EA5D49681F75004500ABEA59 /* AppDelegate.swift */ = {isa = PBXFileReference; lastKnownFileType = sourcecode.swift; path = AppDelegate.swift; sourceTree = "<group>"; };
		EA5D49691F75004500ABEA59 /* Info.plist */ = {isa = PBXFileReference; lastKnownFileType = text.plist.xml; path = Info.plist; sourceTree = "<group>"; };
		EAA5C9B21F75017300575773 /* LoginViewModel.swift */ = {isa = PBXFileReference; lastKnownFileType = sourcecode.swift; path = LoginViewModel.swift; sourceTree = "<group>"; };
		EAA5C9B41F75017C00575773 /* LoginViewController.swift */ = {isa = PBXFileReference; lastKnownFileType = sourcecode.swift; path = LoginViewController.swift; sourceTree = "<group>"; };
/* End PBXFileReference section */

/* Begin PBXFrameworksBuildPhase section */
		EA2B80F71F750012004BCD3E /* Frameworks */ = {
			isa = PBXFrameworksBuildPhase;
			buildActionMask = 2147483647;
			files = (
				52E5C1EA83E05ABF691F4BDB /* Pods_RxSwift_MVVM.framework in Frameworks */,
			);
			runOnlyForDeploymentPostprocessing = 0;
		};
/* End PBXFrameworksBuildPhase section */

/* Begin PBXGroup section */
		618E48A3688DA293AF3A0455 /* Pods */ = {
			isa = PBXGroup;
			children = (
				497907D4360CE27FDB84383A /* Pods-RxSwift-MVVM.debug.xcconfig */,
				8592D4ED7AF7DDB2DA05BDE8 /* Pods-RxSwift-MVVM.release.xcconfig */,
			);
			name = Pods;
			sourceTree = "<group>";
		};
		ACABC2651AF9E266087644CE /* Frameworks */ = {
			isa = PBXGroup;
			children = (
				42FC05403DBC28A962C71828 /* Pods_RxSwift_MVVM.framework */,
			);
			name = Frameworks;
			sourceTree = "<group>";
		};
		EA0858771F7A654F00D8D6C3 /* Model */ = {
			isa = PBXGroup;
			children = (
				EA0858781F7A655700D8D6C3 /* Student.swift */,
				EA3C7B8F1F7D0DFB00259CE7 /* Subject.swift */,
				EA3C7B8D1F7D0CCE00259CE7 /* BaseResponse.swift */,
			);
			path = Model;
			sourceTree = "<group>";
		};
		EA2B80F11F750012004BCD3E = {
			isa = PBXGroup;
			children = (
				EA2B80FC1F750012004BCD3E /* RxSwift-MVVM */,
				EA2B80FB1F750012004BCD3E /* Products */,
				618E48A3688DA293AF3A0455 /* Pods */,
				ACABC2651AF9E266087644CE /* Frameworks */,
			);
			sourceTree = "<group>";
		};
		EA2B80FB1F750012004BCD3E /* Products */ = {
			isa = PBXGroup;
			children = (
				EA2B80FA1F750012004BCD3E /* RxSwift-MVVM.app */,
			);
			name = Products;
			sourceTree = "<group>";
		};
		EA2B80FC1F750012004BCD3E /* RxSwift-MVVM */ = {
			isa = PBXGroup;
			children = (
				EA5D495E1F75004500ABEA59 /* Classes */,
				EA5D49611F75004500ABEA59 /* Resources */,
				EA5D49671F75004500ABEA59 /* Supporting Files */,
			);
			path = "RxSwift-MVVM";
			sourceTree = "<group>";
		};
		EA3C7B711F7D0A9A00259CE7 /* Router */ = {
			isa = PBXGroup;
			children = (
				EA3C7B721F7D0A9A00259CE7 /* FCRouter.swift */,
				EA3C7B731F7D0A9A00259CE7 /* FCRouterBaseURLString.swift */,
				EA3C7B741F7D0A9A00259CE7 /* FCRouterHeader.swift */,
				EA3C7B751F7D0A9A00259CE7 /* FCRouterHelper.swift */,
				EA3C7B761F7D0A9A00259CE7 /* FCRouterMethod.swift */,
				EA3C7B771F7D0A9A00259CE7 /* FCRouterParameters.swift */,
				EA3C7B781F7D0A9A00259CE7 /* FCRouterPath.swift */,
				EA3C7B791F7D0A9A00259CE7 /* FCRouterRawBody.swift */,
				EA3C7B7A1F7D0A9A00259CE7 /* FCRouterResponseClass.swift */,
				EA3C7B7B1F7D0A9A00259CE7 /* FCRouterURLRequest.swift */,
			);
			path = Router;
			sourceTree = "<group>";
		};
		EA3C7B861F7D0AF300259CE7 /* APIRequest */ = {
			isa = PBXGroup;
			children = (
				EA3C7B871F7D0AF300259CE7 /* APIRequest.swift */,
				EA3C7B881F7D0AF300259CE7 /* APIRequestDebugger.swift */,
				EA3C7B891F7D0AF300259CE7 /* APIRequestHelper.swift */,
			);
			path = APIRequest;
			sourceTree = "<group>";
		};
		EA5D495E1F75004500ABEA59 /* Classes */ = {
			isa = PBXGroup;
			children = (
				EA3C7B861F7D0AF300259CE7 /* APIRequest */,
				EA3C7B711F7D0A9A00259CE7 /* Router */,
				EA0858771F7A654F00D8D6C3 /* Model */,
				EAA5C9B11F75016700575773 /* ViewModel */,
				EA5D495F1F75004500ABEA59 /* ViewController */,
			);
			path = Classes;
			sourceTree = "<group>";
		};
		EA5D495F1F75004500ABEA59 /* ViewController */ = {
			isa = PBXGroup;
			children = (
				EAA5C9B41F75017C00575773 /* LoginViewController.swift */,
				EA02D2C41F7921DD00558767 /* DataSourceViewController.swift */,
			);
			path = ViewController;
			sourceTree = "<group>";
		};
		EA5D49611F75004500ABEA59 /* Resources */ = {
			isa = PBXGroup;
			children = (
				EA5D49621F75004500ABEA59 /* Assets.xcassets */,
				EA5D49631F75004500ABEA59 /* LaunchScreen.storyboard */,
				EA5D49651F75004500ABEA59 /* Main.storyboard */,
			);
			path = Resources;
			sourceTree = "<group>";
		};
		EA5D49671F75004500ABEA59 /* Supporting Files */ = {
			isa = PBXGroup;
			children = (
				EA5D49681F75004500ABEA59 /* AppDelegate.swift */,
				EA5D49691F75004500ABEA59 /* Info.plist */,
			);
			path = "Supporting Files";
			sourceTree = "<group>";
		};
		EAA5C9B11F75016700575773 /* ViewModel */ = {
			isa = PBXGroup;
			children = (
				EAA5C9B21F75017300575773 /* LoginViewModel.swift */,
				EA02D2C61F7924F100558767 /* DataSourceViewModel.swift */,
			);
			path = ViewModel;
			sourceTree = "<group>";
		};
/* End PBXGroup section */

/* Begin PBXNativeTarget section */
		EA2B80F91F750012004BCD3E /* RxSwift-MVVM */ = {
			isa = PBXNativeTarget;
			buildConfigurationList = EA2B810C1F750012004BCD3E /* Build configuration list for PBXNativeTarget "RxSwift-MVVM" */;
			buildPhases = (
				934EBD7FF0BAD8729E652634 /* [CP] Check Pods Manifest.lock */,
				EA2B80F61F750012004BCD3E /* Sources */,
				EA2B80F71F750012004BCD3E /* Frameworks */,
				EA2B80F81F750012004BCD3E /* Resources */,
				0A23A5B3DB9F7647A80A0D65 /* [CP] Embed Pods Frameworks */,
				59E9E132360402FC363F8D3A /* [CP] Copy Pods Resources */,
			);
			buildRules = (
			);
			dependencies = (
			);
			name = "RxSwift-MVVM";
			productName = "RxSwift-MVVM";
			productReference = EA2B80FA1F750012004BCD3E /* RxSwift-MVVM.app */;
			productType = "com.apple.product-type.application";
		};
/* End PBXNativeTarget section */

/* Begin PBXProject section */
		EA2B80F21F750012004BCD3E /* Project object */ = {
			isa = PBXProject;
			attributes = {
				LastSwiftUpdateCheck = 0900;
				LastUpgradeCheck = 0900;
				ORGANIZATIONNAME = "Khemmachart Chutapetch";
				TargetAttributes = {
					EA2B80F91F750012004BCD3E = {
						CreatedOnToolsVersion = 9.0;
						ProvisioningStyle = Automatic;
					};
				};
			};
			buildConfigurationList = EA2B80F51F750012004BCD3E /* Build configuration list for PBXProject "RxSwift-MVVM" */;
			compatibilityVersion = "Xcode 8.0";
			developmentRegion = en;
			hasScannedForEncodings = 0;
			knownRegions = (
				en,
				Base,
			);
			mainGroup = EA2B80F11F750012004BCD3E;
			productRefGroup = EA2B80FB1F750012004BCD3E /* Products */;
			projectDirPath = "";
			projectRoot = "";
			targets = (
				EA2B80F91F750012004BCD3E /* RxSwift-MVVM */,
			);
		};
/* End PBXProject section */

/* Begin PBXResourcesBuildPhase section */
		EA2B80F81F750012004BCD3E /* Resources */ = {
			isa = PBXResourcesBuildPhase;
			buildActionMask = 2147483647;
			files = (
				EA5D496D1F75005500ABEA59 /* Main.storyboard in Resources */,
				EA5D496B1F75005100ABEA59 /* Info.plist in Resources */,
				EA5D496E1F75005800ABEA59 /* Assets.xcassets in Resources */,
				EA5D496C1F75005500ABEA59 /* LaunchScreen.storyboard in Resources */,
			);
			runOnlyForDeploymentPostprocessing = 0;
		};
/* End PBXResourcesBuildPhase section */

/* Begin PBXShellScriptBuildPhase section */
		0A23A5B3DB9F7647A80A0D65 /* [CP] Embed Pods Frameworks */ = {
			isa = PBXShellScriptBuildPhase;
			buildActionMask = 2147483647;
			files = (
			);
			inputPaths = (
			);
			name = "[CP] Embed Pods Frameworks";
			outputPaths = (
			);
			runOnlyForDeploymentPostprocessing = 0;
			shellPath = /bin/sh;
			shellScript = "\"${SRCROOT}/Pods/Target Support Files/Pods-RxSwift-MVVM/Pods-RxSwift-MVVM-frameworks.sh\"\n";
			showEnvVarsInLog = 0;
		};
		59E9E132360402FC363F8D3A /* [CP] Copy Pods Resources */ = {
			isa = PBXShellScriptBuildPhase;
			buildActionMask = 2147483647;
			files = (
			);
			inputPaths = (
			);
			name = "[CP] Copy Pods Resources";
			outputPaths = (
			);
			runOnlyForDeploymentPostprocessing = 0;
			shellPath = /bin/sh;
			shellScript = "\"${SRCROOT}/Pods/Target Support Files/Pods-RxSwift-MVVM/Pods-RxSwift-MVVM-resources.sh\"\n";
			showEnvVarsInLog = 0;
		};
		934EBD7FF0BAD8729E652634 /* [CP] Check Pods Manifest.lock */ = {
			isa = PBXShellScriptBuildPhase;
			buildActionMask = 2147483647;
			files = (
			);
			inputPaths = (
			);
			name = "[CP] Check Pods Manifest.lock";
			outputPaths = (
			);
			runOnlyForDeploymentPostprocessing = 0;
			shellPath = /bin/sh;
			shellScript = "diff \"${PODS_PODFILE_DIR_PATH}/Podfile.lock\" \"${PODS_ROOT}/Manifest.lock\" > /dev/null\nif [ $? != 0 ] ; then\n    # print error to STDERR\n    echo \"error: The sandbox is not in sync with the Podfile.lock. Run 'pod install' or update your CocoaPods installation.\" >&2\n    exit 1\nfi\n";
			showEnvVarsInLog = 0;
		};
/* End PBXShellScriptBuildPhase section */

/* Begin PBXSourcesBuildPhase section */
		EA2B80F61F750012004BCD3E /* Sources */ = {
			isa = PBXSourcesBuildPhase;
			buildActionMask = 2147483647;
			files = (
				EA3C7B841F7D0ABB00259CE7 /* FCRouterResponseClass.swift in Sources */,
				EAA5C9B51F75017C00575773 /* LoginViewController.swift in Sources */,
				EA0858791F7A655700D8D6C3 /* Student.swift in Sources */,
				EA5D496A1F75005100ABEA59 /* AppDelegate.swift in Sources */,
				EA02D2C71F7924F100558767 /* DataSourceViewModel.swift in Sources */,
				EAA5C9B31F75017300575773 /* LoginViewModel.swift in Sources */,
				EA3C7B821F7D0ABB00259CE7 /* FCRouterPath.swift in Sources */,
				EA3C7B811F7D0ABB00259CE7 /* FCRouterParameters.swift in Sources */,
				EA3C7B8C1F7D0B0600259CE7 /* APIRequestHelper.swift in Sources */,
				EA3C7B7D1F7D0ABB00259CE7 /* FCRouterBaseURLString.swift in Sources */,
				EA3C7B8B1F7D0B0600259CE7 /* APIRequestDebugger.swift in Sources */,
				EA3C7B851F7D0ABB00259CE7 /* FCRouterURLRequest.swift in Sources */,
				EA3C7B7E1F7D0ABB00259CE7 /* FCRouterHeader.swift in Sources */,
				EA3C7B7F1F7D0ABB00259CE7 /* FCRouterHelper.swift in Sources */,
				EA3C7B7C1F7D0ABB00259CE7 /* FCRouter.swift in Sources */,
				EA3C7B8E1F7D0CCE00259CE7 /* BaseResponse.swift in Sources */,
				EA3C7B901F7D0DFB00259CE7 /* Subject.swift in Sources */,
				EA3C7B801F7D0ABB00259CE7 /* FCRouterMethod.swift in Sources */,
				EA3C7B8A1F7D0B0600259CE7 /* APIRequest.swift in Sources */,
				EA3C7B831F7D0ABB00259CE7 /* FCRouterRawBody.swift in Sources */,
				EA02D2C51F7921DD00558767 /* DataSourceViewController.swift in Sources */,
			);
			runOnlyForDeploymentPostprocessing = 0;
		};
/* End PBXSourcesBuildPhase section */

/* Begin PBXVariantGroup section */
		EA5D49631F75004500ABEA59 /* LaunchScreen.storyboard */ = {
			isa = PBXVariantGroup;
			children = (
				EA5D49641F75004500ABEA59 /* Base */,
			);
			name = LaunchScreen.storyboard;
			sourceTree = "<group>";
		};
		EA5D49651F75004500ABEA59 /* Main.storyboard */ = {
			isa = PBXVariantGroup;
			children = (
				EA5D49661F75004500ABEA59 /* Base */,
			);
			name = Main.storyboard;
			sourceTree = "<group>";
		};
/* End PBXVariantGroup section */

/* Begin XCBuildConfiguration section */
		EA2B810A1F750012004BCD3E /* Debug */ = {
			isa = XCBuildConfiguration;
			buildSettings = {
				ALWAYS_SEARCH_USER_PATHS = NO;
				CLANG_ANALYZER_NONNULL = YES;
				CLANG_ANALYZER_NUMBER_OBJECT_CONVERSION = YES_AGGRESSIVE;
				CLANG_CXX_LANGUAGE_STANDARD = "gnu++14";
				CLANG_CXX_LIBRARY = "libc++";
				CLANG_ENABLE_MODULES = YES;
				CLANG_ENABLE_OBJC_ARC = YES;
				CLANG_WARN_BLOCK_CAPTURE_AUTORELEASING = YES;
				CLANG_WARN_BOOL_CONVERSION = YES;
				CLANG_WARN_COMMA = YES;
				CLANG_WARN_CONSTANT_CONVERSION = YES;
				CLANG_WARN_DIRECT_OBJC_ISA_USAGE = YES_ERROR;
				CLANG_WARN_DOCUMENTATION_COMMENTS = YES;
				CLANG_WARN_EMPTY_BODY = YES;
				CLANG_WARN_ENUM_CONVERSION = YES;
				CLANG_WARN_INFINITE_RECURSION = YES;
				CLANG_WARN_INT_CONVERSION = YES;
				CLANG_WARN_NON_LITERAL_NULL_CONVERSION = YES;
				CLANG_WARN_OBJC_LITERAL_CONVERSION = YES;
				CLANG_WARN_OBJC_ROOT_CLASS = YES_ERROR;
				CLANG_WARN_RANGE_LOOP_ANALYSIS = YES;
				CLANG_WARN_STRICT_PROTOTYPES = YES;
				CLANG_WARN_SUSPICIOUS_MOVE = YES;
				CLANG_WARN_UNGUARDED_AVAILABILITY = YES_AGGRESSIVE;
				CLANG_WARN_UNREACHABLE_CODE = YES;
				CLANG_WARN__DUPLICATE_METHOD_MATCH = YES;
				CODE_SIGN_IDENTITY = "iPhone Developer";
				COPY_PHASE_STRIP = NO;
				DEBUG_INFORMATION_FORMAT = dwarf;
				ENABLE_STRICT_OBJC_MSGSEND = YES;
				ENABLE_TESTABILITY = YES;
				GCC_C_LANGUAGE_STANDARD = gnu11;
				GCC_DYNAMIC_NO_PIC = NO;
				GCC_NO_COMMON_BLOCKS = YES;
				GCC_OPTIMIZATION_LEVEL = 0;
				GCC_PREPROCESSOR_DEFINITIONS = (
					"DEBUG=1",
					"$(inherited)",
				);
				GCC_WARN_64_TO_32_BIT_CONVERSION = YES;
				GCC_WARN_ABOUT_RETURN_TYPE = YES_ERROR;
				GCC_WARN_UNDECLARED_SELECTOR = YES;
				GCC_WARN_UNINITIALIZED_AUTOS = YES_AGGRESSIVE;
				GCC_WARN_UNUSED_FUNCTION = YES;
				GCC_WARN_UNUSED_VARIABLE = YES;
				IPHONEOS_DEPLOYMENT_TARGET = 11.0;
				MTL_ENABLE_DEBUG_INFO = YES;
				ONLY_ACTIVE_ARCH = YES;
				SDKROOT = iphoneos;
				SWIFT_ACTIVE_COMPILATION_CONDITIONS = DEBUG;
				SWIFT_OPTIMIZATION_LEVEL = "-Onone";
			};
			name = Debug;
		};
		EA2B810B1F750012004BCD3E /* Release */ = {
			isa = XCBuildConfiguration;
			buildSettings = {
				ALWAYS_SEARCH_USER_PATHS = NO;
				CLANG_ANALYZER_NONNULL = YES;
				CLANG_ANALYZER_NUMBER_OBJECT_CONVERSION = YES_AGGRESSIVE;
				CLANG_CXX_LANGUAGE_STANDARD = "gnu++14";
				CLANG_CXX_LIBRARY = "libc++";
				CLANG_ENABLE_MODULES = YES;
				CLANG_ENABLE_OBJC_ARC = YES;
				CLANG_WARN_BLOCK_CAPTURE_AUTORELEASING = YES;
				CLANG_WARN_BOOL_CONVERSION = YES;
				CLANG_WARN_COMMA = YES;
				CLANG_WARN_CONSTANT_CONVERSION = YES;
				CLANG_WARN_DIRECT_OBJC_ISA_USAGE = YES_ERROR;
				CLANG_WARN_DOCUMENTATION_COMMENTS = YES;
				CLANG_WARN_EMPTY_BODY = YES;
				CLANG_WARN_ENUM_CONVERSION = YES;
				CLANG_WARN_INFINITE_RECURSION = YES;
				CLANG_WARN_INT_CONVERSION = YES;
				CLANG_WARN_NON_LITERAL_NULL_CONVERSION = YES;
				CLANG_WARN_OBJC_LITERAL_CONVERSION = YES;
				CLANG_WARN_OBJC_ROOT_CLASS = YES_ERROR;
				CLANG_WARN_RANGE_LOOP_ANALYSIS = YES;
				CLANG_WARN_STRICT_PROTOTYPES = YES;
				CLANG_WARN_SUSPICIOUS_MOVE = YES;
				CLANG_WARN_UNGUARDED_AVAILABILITY = YES_AGGRESSIVE;
				CLANG_WARN_UNREACHABLE_CODE = YES;
				CLANG_WARN__DUPLICATE_METHOD_MATCH = YES;
				CODE_SIGN_IDENTITY = "iPhone Developer";
				COPY_PHASE_STRIP = NO;
				DEBUG_INFORMATION_FORMAT = "dwarf-with-dsym";
				ENABLE_NS_ASSERTIONS = NO;
				ENABLE_STRICT_OBJC_MSGSEND = YES;
				GCC_C_LANGUAGE_STANDARD = gnu11;
				GCC_NO_COMMON_BLOCKS = YES;
				GCC_WARN_64_TO_32_BIT_CONVERSION = YES;
				GCC_WARN_ABOUT_RETURN_TYPE = YES_ERROR;
				GCC_WARN_UNDECLARED_SELECTOR = YES;
				GCC_WARN_UNINITIALIZED_AUTOS = YES_AGGRESSIVE;
				GCC_WARN_UNUSED_FUNCTION = YES;
				GCC_WARN_UNUSED_VARIABLE = YES;
				IPHONEOS_DEPLOYMENT_TARGET = 11.0;
				MTL_ENABLE_DEBUG_INFO = NO;
				SDKROOT = iphoneos;
				SWIFT_OPTIMIZATION_LEVEL = "-Owholemodule";
				VALIDATE_PRODUCT = YES;
			};
			name = Release;
		};
		EA2B810D1F750012004BCD3E /* Debug */ = {
			isa = XCBuildConfiguration;
			baseConfigurationReference = 497907D4360CE27FDB84383A /* Pods-RxSwift-MVVM.debug.xcconfig */;
			buildSettings = {
				ASSETCATALOG_COMPILER_APPICON_NAME = AppIcon;
				CODE_SIGN_STYLE = Automatic;
				INFOPLIST_FILE = "RxSwift-MVVM/Supporting Files/Info.plist";
				LD_RUNPATH_SEARCH_PATHS = "$(inherited) @executable_path/Frameworks";
				PRODUCT_BUNDLE_IDENTIFIER = "com.khemmachart.RxSwift-MVVM";
				PRODUCT_NAME = "$(TARGET_NAME)";
				SWIFT_VERSION = 4.0;
				TARGETED_DEVICE_FAMILY = "1,2";
			};
			name = Debug;
		};
		EA2B810E1F750012004BCD3E /* Release */ = {
			isa = XCBuildConfiguration;
			baseConfigurationReference = 8592D4ED7AF7DDB2DA05BDE8 /* Pods-RxSwift-MVVM.release.xcconfig */;
			buildSettings = {
				ASSETCATALOG_COMPILER_APPICON_NAME = AppIcon;
				CODE_SIGN_STYLE = Automatic;
				INFOPLIST_FILE = "RxSwift-MVVM/Supporting Files/Info.plist";
				LD_RUNPATH_SEARCH_PATHS = "$(inherited) @executable_path/Frameworks";
				PRODUCT_BUNDLE_IDENTIFIER = "com.khemmachart.RxSwift-MVVM";
				PRODUCT_NAME = "$(TARGET_NAME)";
				SWIFT_VERSION = 4.0;
				TARGETED_DEVICE_FAMILY = "1,2";
			};
			name = Release;
		};
/* End XCBuildConfiguration section */

/* Begin XCConfigurationList section */
		EA2B80F51F750012004BCD3E /* Build configuration list for PBXProject "RxSwift-MVVM" */ = {
			isa = XCConfigurationList;
			buildConfigurations = (
				EA2B810A1F750012004BCD3E /* Debug */,
				EA2B810B1F750012004BCD3E /* Release */,
			);
			defaultConfigurationIsVisible = 0;
			defaultConfigurationName = Release;
		};
		EA2B810C1F750012004BCD3E /* Build configuration list for PBXNativeTarget "RxSwift-MVVM" */ = {
			isa = XCConfigurationList;
			buildConfigurations = (
				EA2B810D1F750012004BCD3E /* Debug */,
				EA2B810E1F750012004BCD3E /* Release */,
			);
			defaultConfigurationIsVisible = 0;
			defaultConfigurationName = Release;
		};
/* End XCConfigurationList section */
	};
	rootObject = EA2B80F21F750012004BCD3E /* Project object */;
}
